
Microsoft Visual Studio Solution File, Format Version 10.00
# Visual Studio 2008
Project("{8BC9CEB8-8B4A-11D0-8D11-00A0C91BC942}") = "图", "图\图.vcproj", "{F7DDF9A4-8533-46C4-BB09-86B6F38878C5}"
EndProject
Global
	GlobalSection(SolutionConfigurationPlatforms) = preSolution
		Debug|Win32 = Debug|Win32
		Release|Win32 = Release|Win32
	EndGlobalSection
	GlobalSection(ProjectConfigurationPlatforms) = postSolution
		{F7DDF9A4-8533-46C4-BB09-86B6F38878C5}.Debug|Win32.ActiveCfg = Debug|Win32
		{F7DDF9A4-8533-46C4-BB09-86B6F38878C5}.Debug|Win32.Build.0 = Debug|Win32
		{F7DDF9A4-8533-46C4-BB09-86B6F38878C5}.Release|Win32.ActiveCfg = Release|Win32
		{F7DDF9A4-8533-46C4-BB09-86B6F38878C5}.Release|Win32.Build.0 = Release|Win32
	EndGlobalSection
	GlobalSection(SolutionProperties) = preSolution
		HideSolutionNode = FALSE
	EndGlobalSection
EndGlobal
